
Microsoft Visual Studio Solution File, Format Version 12.00
# Visual Studio Version 17
VisualStudioVersion = 17.0.31912.275
MinimumVisualStudioVersion = 10.0.40219.1
Project("{FAE04EC0-301F-11D3-BF4B-00C04F79EFBC}") = "PruebaPracticaGB", "PruebaPracticaGB.csproj", "{DC96B3CC-D1D3-4948-A898-E907899200DD}"
EndProject
Global
	GlobalSection(SolutionConfigurationPlatforms) = preSolution
		Debug|Any CPU = Debug|Any CPU
		Release|Any CPU = Release|Any CPU
	EndGlobalSection
	GlobalSection(ProjectConfigurationPlatforms) = postSolution
		{DC96B3CC-D1D3-4948-A898-E907899200DD}.Debug|Any CPU.ActiveCfg = Debug|Any CPU
		{DC96B3CC-D1D3-4948-A898-E907899200DD}.Debug|Any CPU.Build.0 = Debug|Any CPU
		{DC96B3CC-D1D3-4948-A898-E907899200DD}.Release|Any CPU.ActiveCfg = Release|Any CPU
		{DC96B3CC-D1D3-4948-A898-E907899200DD}.Release|Any CPU.Build.0 = Release|Any CPU
	EndGlobalSection
	GlobalSection(SolutionProperties) = preSolution
		HideSolutionNode = FALSE
	EndGlobalSection
	GlobalSection(ExtensibilityGlobals) = postSolution
		SolutionGuid = {4E8E62D6-10F2-42F2-84B2-AB9AEB7A9AEF}
	EndGlobalSection
EndGlobal
